
Microsoft Visual Studio Solution File, Format Version 12.00
# Visual Studio Version 16
VisualStudioVersion = 16.0.30413.136
MinimumVisualStudioVersion = 10.0.40219.1
Project("{FAE04EC0-301F-11D3-BF4B-00C04F79EFBC}") = "MovieSearch", "MovieSearch\MovieSearch.csproj", "{32ABA34B-6ACE-4719-A5B9-0441E4121682}"
EndProject
Global
	GlobalSection(SolutionConfigurationPlatforms) = preSolution
		Debug|Any CPU = Debug|Any CPU
		Release|Any CPU = Release|Any CPU
	EndGlobalSection
	GlobalSection(ProjectConfigurationPlatforms) = postSolution
		{32ABA34B-6ACE-4719-A5B9-0441E4121682}.Debug|Any CPU.ActiveCfg = Debug|Any CPU
		{32ABA34B-6ACE-4719-A5B9-0441E4121682}.Debug|Any CPU.Build.0 = Debug|Any CPU
		{32ABA34B-6ACE-4719-A5B9-0441E4121682}.Release|Any CPU.ActiveCfg = Release|Any CPU
		{32ABA34B-6ACE-4719-A5B9-0441E4121682}.Release|Any CPU.Build.0 = Release|Any CPU
	EndGlobalSection
	GlobalSection(SolutionProperties) = preSolution
		HideSolutionNode = FALSE
	EndGlobalSection
	GlobalSection(ExtensibilityGlobals) = postSolution
		SolutionGuid = {BC11B675-483A-4ED6-84B2-674DB8201E7E}
	EndGlobalSection
EndGlobal
